
Microsoft Visual Studio Solution File, Format Version 12.00
# Visual Studio Version 17
VisualStudioVersion = 17.5.33627.172
MinimumVisualStudioVersion = 10.0.40219.1
Project("{FAE04EC0-301F-11D3-BF4B-00C04F79EFBC}") = "ScanProduct", "ScanProduct\ScanProduct.csproj", "{9B0C8451-34E8-4AB1-88AB-88C6EAEACFCC}"
EndProject
Global
	GlobalSection(SolutionConfigurationPlatforms) = preSolution
		Debug|Any CPU = Debug|Any CPU
		Release|Any CPU = Release|Any CPU
	EndGlobalSection
	GlobalSection(ProjectConfigurationPlatforms) = postSolution
		{9B0C8451-34E8-4AB1-88AB-88C6EAEACFCC}.Debug|Any CPU.ActiveCfg = Debug|Any CPU
		{9B0C8451-34E8-4AB1-88AB-88C6EAEACFCC}.Debug|Any CPU.Build.0 = Debug|Any CPU
		{9B0C8451-34E8-4AB1-88AB-88C6EAEACFCC}.Release|Any CPU.ActiveCfg = Release|Any CPU
		{9B0C8451-34E8-4AB1-88AB-88C6EAEACFCC}.Release|Any CPU.Build.0 = Release|Any CPU
	EndGlobalSection
	GlobalSection(SolutionProperties) = preSolution
		HideSolutionNode = FALSE
	EndGlobalSection
	GlobalSection(ExtensibilityGlobals) = postSolution
		SolutionGuid = {4CEDB954-1DD8-4222-A817-E51D7B37D506}
	EndGlobalSection
EndGlobal
